
Microsoft Visual Studio Solution File, Format Version 12.00
# Visual Studio Version 17
VisualStudioVersion = 17.2.32505.173
MinimumVisualStudioVersion = 10.0.40219.1
Project("{FAE04EC0-301F-11D3-BF4B-00C04F79EFBC}") = "CSMemory", "CSMemory\CSMemory.csproj", "{6CA45CB0-B907-49FD-8FBD-F6DE74C8E4EB}"
EndProject
Global
	GlobalSection(SolutionConfigurationPlatforms) = preSolution
		Debug|Any CPU = Debug|Any CPU
		Release|Any CPU = Release|Any CPU
	EndGlobalSection
	GlobalSection(ProjectConfigurationPlatforms) = postSolution
		{6CA45CB0-B907-49FD-8FBD-F6DE74C8E4EB}.Debug|Any CPU.ActiveCfg = Debug|Any CPU
		{6CA45CB0-B907-49FD-8FBD-F6DE74C8E4EB}.Debug|Any CPU.Build.0 = Debug|Any CPU
		{6CA45CB0-B907-49FD-8FBD-F6DE74C8E4EB}.Release|Any CPU.ActiveCfg = Release|Any CPU
		{6CA45CB0-B907-49FD-8FBD-F6DE74C8E4EB}.Release|Any CPU.Build.0 = Release|Any CPU
	EndGlobalSection
	GlobalSection(SolutionProperties) = preSolution
		HideSolutionNode = FALSE
	EndGlobalSection
	GlobalSection(ExtensibilityGlobals) = postSolution
		SolutionGuid = {B6AD78F0-A87D-48A3-83D2-F8E94F477B20}
	EndGlobalSection
EndGlobal
